
Microsoft Visual Studio Solution File, Format Version 12.00
# Visual Studio Version 17
VisualStudioVersion = 17.4.33122.133
MinimumVisualStudioVersion = 10.0.40219.1
Project("{9A19103F-16F7-4668-BE54-9A1E7A4F7556}") = "Appl_TestsUnitaires", "Appl_TestsUnitaires\Appl_TestsUnitaires.csproj", "{15DACCB7-0373-43FF-BDDD-2F8DC24E4B83}"
EndProject
Project("{9A19103F-16F7-4668-BE54-9A1E7A4F7556}") = "App_TestsUnitaires_CombatParTour_TestsNU", "App_TestsUnitaires_TestsNU\App_TestsUnitaires_CombatParTour_TestsNU.csproj", "{FBF21DD9-5FDB-45AF-9DD7-C273CEB080C8}"
	ProjectSection(ProjectDependencies) = postProject
		{15DACCB7-0373-43FF-BDDD-2F8DC24E4B83} = {15DACCB7-0373-43FF-BDDD-2F8DC24E4B83}
	EndProjectSection
EndProject
Project("{FAE04EC0-301F-11D3-BF4B-00C04F79EFBC}") = "App_testUnitaire_FizzBuzz_NU", "App_testUnitaire_FizzBuzz_NU\App_testUnitaire_FizzBuzz_NU.csproj", "{DBD51167-9C35-43A9-AD45-70E348AD09E7}"
EndProject
Project("{FAE04EC0-301F-11D3-BF4B-00C04F79EFBC}") = "App_testXU", "App_testXU\App_testXU.csproj", "{373EAD8A-238E-4FEA-8888-4EF54129A89E}"
EndProject
Global
	GlobalSection(SolutionConfigurationPlatforms) = preSolution
		Debug|Any CPU = Debug|Any CPU
		Release|Any CPU = Release|Any CPU
	EndGlobalSection
	GlobalSection(ProjectConfigurationPlatforms) = postSolution
		{15DACCB7-0373-43FF-BDDD-2F8DC24E4B83}.Debug|Any CPU.ActiveCfg = Debug|Any CPU
		{15DACCB7-0373-43FF-BDDD-2F8DC24E4B83}.Debug|Any CPU.Build.0 = Debug|Any CPU
		{15DACCB7-0373-43FF-BDDD-2F8DC24E4B83}.Release|Any CPU.ActiveCfg = Release|Any CPU
		{15DACCB7-0373-43FF-BDDD-2F8DC24E4B83}.Release|Any CPU.Build.0 = Release|Any CPU
		{FBF21DD9-5FDB-45AF-9DD7-C273CEB080C8}.Debug|Any CPU.ActiveCfg = Debug|Any CPU
		{FBF21DD9-5FDB-45AF-9DD7-C273CEB080C8}.Debug|Any CPU.Build.0 = Debug|Any CPU
		{FBF21DD9-5FDB-45AF-9DD7-C273CEB080C8}.Release|Any CPU.ActiveCfg = Release|Any CPU
		{FBF21DD9-5FDB-45AF-9DD7-C273CEB080C8}.Release|Any CPU.Build.0 = Release|Any CPU
		{DBD51167-9C35-43A9-AD45-70E348AD09E7}.Debug|Any CPU.ActiveCfg = Debug|Any CPU
		{DBD51167-9C35-43A9-AD45-70E348AD09E7}.Debug|Any CPU.Build.0 = Debug|Any CPU
		{DBD51167-9C35-43A9-AD45-70E348AD09E7}.Release|Any CPU.ActiveCfg = Release|Any CPU
		{DBD51167-9C35-43A9-AD45-70E348AD09E7}.Release|Any CPU.Build.0 = Release|Any CPU
		{373EAD8A-238E-4FEA-8888-4EF54129A89E}.Debug|Any CPU.ActiveCfg = Debug|Any CPU
		{373EAD8A-238E-4FEA-8888-4EF54129A89E}.Debug|Any CPU.Build.0 = Debug|Any CPU
		{373EAD8A-238E-4FEA-8888-4EF54129A89E}.Release|Any CPU.ActiveCfg = Release|Any CPU
		{373EAD8A-238E-4FEA-8888-4EF54129A89E}.Release|Any CPU.Build.0 = Release|Any CPU
	EndGlobalSection
	GlobalSection(SolutionProperties) = preSolution
		HideSolutionNode = FALSE
	EndGlobalSection
	GlobalSection(ExtensibilityGlobals) = postSolution
		SolutionGuid = {C7DBACE4-D2A8-48B1-B81D-6ED56A16CB70}
	EndGlobalSection
EndGlobal
